
Microsoft Visual Studio Solution File, Format Version 12.00
# Visual Studio Version 16
VisualStudioVersion = 16.0.28803.352
MinimumVisualStudioVersion = 10.0.40219.1
Project("{FAE04EC0-301F-11D3-BF4B-00C04F79EFBC}") = "SubscriptionsWithSAS", "SubscriptionsWithSAS\SubscriptionsWithSAS.csproj", "{BF984026-2CA5-4681-A4B5-46514093951F}"
EndProject
Project("{2150E333-8FDC-42A3-9474-1A3956D46DE8}") = "Solution Items", "Solution Items", "{772C28AC-8400-4DD6-8389-E42E9E3C5B1F}"
	ProjectSection(SolutionItems) = preProject
		LICENSE = LICENSE
		README.md = README.md
	EndProjectSection
EndProject
Global
	GlobalSection(SolutionConfigurationPlatforms) = preSolution
		Debug|Any CPU = Debug|Any CPU
		Release|Any CPU = Release|Any CPU
	EndGlobalSection
	GlobalSection(ProjectConfigurationPlatforms) = postSolution
		{BF984026-2CA5-4681-A4B5-46514093951F}.Debug|Any CPU.ActiveCfg = Debug|Any CPU
		{BF984026-2CA5-4681-A4B5-46514093951F}.Debug|Any CPU.Build.0 = Debug|Any CPU
		{BF984026-2CA5-4681-A4B5-46514093951F}.Release|Any CPU.ActiveCfg = Release|Any CPU
		{BF984026-2CA5-4681-A4B5-46514093951F}.Release|Any CPU.Build.0 = Release|Any CPU
	EndGlobalSection
	GlobalSection(SolutionProperties) = preSolution
		HideSolutionNode = FALSE
	EndGlobalSection
	GlobalSection(ExtensibilityGlobals) = postSolution
		SolutionGuid = {CCB1A49A-C22D-4F9F-A77A-D82AB87BD8BD}
	EndGlobalSection
EndGlobal
